
Microsoft Visual Studio Solution File, Format Version 12.00
# Visual Studio Version 16
VisualStudioVersion = 16.0.30517.126
MinimumVisualStudioVersion = 10.0.40219.1
Project("{FAE04EC0-301F-11D3-BF4B-00C04F79EFBC}") = "ResilienceServiceDesignDemo", "ResilienceServiceDesignDemo\ResilienceServiceDesignDemo.csproj", "{9C1F478C-FA2A-4B90-B716-E816A2601B5A}"
EndProject
Global
	GlobalSection(SolutionConfigurationPlatforms) = preSolution
		Debug|Any CPU = Debug|Any CPU
		Release|Any CPU = Release|Any CPU
	EndGlobalSection
	GlobalSection(ProjectConfigurationPlatforms) = postSolution
		{9C1F478C-FA2A-4B90-B716-E816A2601B5A}.Debug|Any CPU.ActiveCfg = Debug|Any CPU
		{9C1F478C-FA2A-4B90-B716-E816A2601B5A}.Debug|Any CPU.Build.0 = Debug|Any CPU
		{9C1F478C-FA2A-4B90-B716-E816A2601B5A}.Release|Any CPU.ActiveCfg = Release|Any CPU
		{9C1F478C-FA2A-4B90-B716-E816A2601B5A}.Release|Any CPU.Build.0 = Release|Any CPU
	EndGlobalSection
	GlobalSection(SolutionProperties) = preSolution
		HideSolutionNode = FALSE
	EndGlobalSection
	GlobalSection(ExtensibilityGlobals) = postSolution
		SolutionGuid = {192665CC-F86A-47B3-8E20-70908A4C2AD4}
	EndGlobalSection
EndGlobal
